
Microsoft Visual Studio Solution File, Format Version 12.00
# Visual Studio Version 16
VisualStudioVersion = 16.0.31321.278
MinimumVisualStudioVersion = 10.0.40219.1
Project("{FAE04EC0-301F-11D3-BF4B-00C04F79EFBC}") = "ImageGalleryDemo", "ImageGalleryDemo\ImageGalleryDemo.csproj", "{35F92C18-9131-463E-A869-31DE91292303}"
EndProject
Global
	GlobalSection(SolutionConfigurationPlatforms) = preSolution
		Debug|Any CPU = Debug|Any CPU
		Release|Any CPU = Release|Any CPU
	EndGlobalSection
	GlobalSection(ProjectConfigurationPlatforms) = postSolution
		{35F92C18-9131-463E-A869-31DE91292303}.Debug|Any CPU.ActiveCfg = Debug|Any CPU
		{35F92C18-9131-463E-A869-31DE91292303}.Debug|Any CPU.Build.0 = Debug|Any CPU
		{35F92C18-9131-463E-A869-31DE91292303}.Release|Any CPU.ActiveCfg = Release|Any CPU
		{35F92C18-9131-463E-A869-31DE91292303}.Release|Any CPU.Build.0 = Release|Any CPU
	EndGlobalSection
	GlobalSection(SolutionProperties) = preSolution
		HideSolutionNode = FALSE
	EndGlobalSection
	GlobalSection(ExtensibilityGlobals) = postSolution
		SolutionGuid = {395F2EA4-D581-4C2C-A276-19701A574971}
	EndGlobalSection
EndGlobal
